// !$*UTF8*$!
{
	archiveVersion = 1;
	classes = {
	};
	objectVersion = 46;
	objects = {

/* Begin PBXBuildFile section */
		FA7ECCA41E5A31F1000B75CF /* AppDelegate.swift in Sources */ = {isa = PBXBuildFile; fileRef = FA7ECCA31E5A31F1000B75CF /* AppDelegate.swift */; };
		FA7ECCA61E5A31F1000B75CF /* ViewController.swift in Sources */ = {isa = PBXBuildFile; fileRef = FA7ECCA51E5A31F1000B75CF /* ViewController.swift */; };
		FA7ECCA91E5A31F1000B75CF /* Main.storyboard in Resources */ = {isa = PBXBuildFile; fileRef = FA7ECCA71E5A31F1000B75CF /* Main.storyboard */; };
		FA7ECCAC1E5A31F1000B75CF /* apiPrac.xcdatamodeld in Sources */ = {isa = PBXBuildFile; fileRef = FA7ECCAA1E5A31F1000B75CF /* apiPrac.xcdatamodeld */; };
		FA7ECCAE1E5A31F1000B75CF /* Assets.xcassets in Resources */ = {isa = PBXBuildFile; fileRef = FA7ECCAD1E5A31F1000B75CF /* Assets.xcassets */; };
		FA7ECCB11E5A31F1000B75CF /* LaunchScreen.storyboard in Resources */ = {isa = PBXBuildFile; fileRef = FA7ECCAF1E5A31F1000B75CF /* LaunchScreen.storyboard */; };
/* End PBXBuildFile section */

/* Begin PBXFileReference section */
		FA7ECCA01E5A31F1000B75CF /* apiPrac.app */ = {isa = PBXFileReference; explicitFileType = wrapper.application; includeInIndex = 0; path = apiPrac.app; sourceTree = BUILT_PRODUCTS_DIR; };
		FA7ECCA31E5A31F1000B75CF /* AppDelegate.swift */ = {isa = PBXFileReference; lastKnownFileType = sourcecode.swift; path = AppDelegate.swift; sourceTree = "<group>"; };
		FA7ECCA51E5A31F1000B75CF /* ViewController.swift */ = {isa = PBXFileReference; lastKnownFileType = sourcecode.swift; path = ViewController.swift; sourceTree = "<group>"; };
		FA7ECCA81E5A31F1000B75CF /* Base */ = {isa = PBXFileReference; lastKnownFileType = file.storyboard; name = Base; path = Base.lproj/Main.storyboard; sourceTree = "<group>"; };
		FA7ECCAB1E5A31F1000B75CF /* apiPrac.xcdatamodel */ = {isa = PBXFileReference; lastKnownFileType = wrapper.xcdatamodel; path = apiPrac.xcdatamodel; sourceTree = "<group>"; };
		FA7ECCAD1E5A31F1000B75CF /* Assets.xcassets */ = {isa = PBXFileReference; lastKnownFileType = folder.assetcatalog; path = Assets.xcassets; sourceTree = "<group>"; };
		FA7ECCB01E5A31F1000B75CF /* Base */ = {isa = PBXFileReference; lastKnownFileType = file.storyboard; name = Base; path = Base.lproj/LaunchScreen.storyboard; sourceTree = "<group>"; };
		FA7ECCB21E5A31F1000B75CF /* Info.plist */ = {isa = PBXFileReference; lastKnownFileType = text.plist.xml; path = Info.plist; sourceTree = "<group>"; };
/* End PBXFileReference section */

/* Begin PBXFrameworksBuildPhase section */
		FA7ECC9D1E5A31F1000B75CF /* Frameworks */ = {
			isa = PBXFrameworksBuildPhase;
			buildActionMask = 2147483647;
			files = (
			);
			runOnlyForDeploymentPostprocessing = 0;
		};
/* End PBXFrameworksBuildPhase section */

/* Begin PBXGroup section */
		FA7ECC971E5A31F1000B75CF = {
			isa = PBXGroup;
			children = (
				FA7ECCA21E5A31F1000B75CF /* apiPrac */,
				FA7ECCA11E5A31F1000B75CF /* Products */,
			);
			sourceTree = "<group>";
		};
		FA7ECCA11E5A31F1000B75CF /* Products */ = {
			isa = PBXGroup;
			children = (
				FA7ECCA01E5A31F1000B75CF /* apiPrac.app */,
			);
			name = Products;
			sourceTree = "<group>";
		};
		FA7ECCA21E5A31F1000B75CF /* apiPrac */ = {
			isa = PBXGroup;
			children = (
				FA7ECCA31E5A31F1000B75CF /* AppDelegate.swift */,
				FA7ECCA51E5A31F1000B75CF /* ViewController.swift */,
				FA7ECCA71E5A31F1000B75CF /* Main.storyboard */,
				FA7ECCAD1E5A31F1000B75CF /* Assets.xcassets */,
				FA7ECCAF1E5A31F1000B75CF /* LaunchScreen.storyboard */,
				FA7ECCB21E5A31F1000B75CF /* Info.plist */,
				FA7ECCAA1E5A31F1000B75CF /* apiPrac.xcdatamodeld */,
			);
			path = apiPrac;
			sourceTree = "<group>";
		};
/* End PBXGroup section */

/* Begin PBXNativeTarget section */
		FA7ECC9F1E5A31F1000B75CF /* apiPrac */ = {
			isa = PBXNativeTarget;
			buildConfigurationList = FA7ECCB51E5A31F1000B75CF /* Build configuration list for PBXNativeTarget "apiPrac" */;
			buildPhases = (
				FA7ECC9C1E5A31F1000B75CF /* Sources */,
				FA7ECC9D1E5A31F1000B75CF /* Frameworks */,
				FA7ECC9E1E5A31F1000B75CF /* Resources */,
			);
			buildRules = (
			);
			dependencies = (
			);
			name = apiPrac;
			productName = apiPrac;
			productReference = FA7ECCA01E5A31F1000B75CF /* apiPrac.app */;
			productType = "com.apple.product-type.application";
		};
/* End PBXNativeTarget section */

/* Begin PBXProject section */
		FA7ECC981E5A31F1000B75CF /* Project object */ = {
			isa = PBXProject;
			attributes = {
				LastSwiftUpdateCheck = 0820;
				LastUpgradeCheck = 0820;
				ORGANIZATIONNAME = "Alex Votry";
				TargetAttributes = {
					FA7ECC9F1E5A31F1000B75CF = {
						CreatedOnToolsVersion = 8.2.1;
						DevelopmentTeam = GVEKQPDQMH;
						ProvisioningStyle = Automatic;
					};
				};
			};
			buildConfigurationList = FA7ECC9B1E5A31F1000B75CF /* Build configuration list for PBXProject "apiPrac" */;
			compatibilityVersion = "Xcode 3.2";
			developmentRegion = English;
			hasScannedForEncodings = 0;
			knownRegions = (
				en,
				Base,
			);
			mainGroup = FA7ECC971E5A31F1000B75CF;
			productRefGroup = FA7ECCA11E5A31F1000B75CF /* Products */;
			projectDirPath = "";
			projectRoot = "";
			targets = (
				FA7ECC9F1E5A31F1000B75CF /* apiPrac */,
			);
		};
/* End PBXProject section */

/* Begin PBXResourcesBuildPhase section */
		FA7ECC9E1E5A31F1000B75CF /* Resources */ = {
			isa = PBXResourcesBuildPhase;
			buildActionMask = 2147483647;
			files = (
				FA7ECCB11E5A31F1000B75CF /* LaunchScreen.storyboard in Resources */,
				FA7ECCAE1E5A31F1000B75CF /* Assets.xcassets in Resources */,
				FA7ECCA91E5A31F1000B75CF /* Main.storyboard in Resources */,
			);
			runOnlyForDeploymentPostprocessing = 0;
		};
/* End PBXResourcesBuildPhase section */

/* Begin PBXSourcesBuildPhase section */
		FA7ECC9C1E5A31F1000B75CF /* Sources */ = {
			isa = PBXSourcesBuildPhase;
			buildActionMask = 2147483647;
			files = (
				FA7ECCA61E5A31F1000B75CF /* ViewController.swift in Sources */,
				FA7ECCAC1E5A31F1000B75CF /* apiPrac.xcdatamodeld in Sources */,
				FA7ECCA41E5A31F1000B75CF /* AppDelegate.swift in Sources */,
			);
			runOnlyForDeploymentPostprocessing = 0;
		};
/* End PBXSourcesBuildPhase section */

/* Begin PBXVariantGroup section */
		FA7ECCA71E5A31F1000B75CF /* Main.storyboard */ = {
			isa = PBXVariantGroup;
			children = (
				FA7ECCA81E5A31F1000B75CF /* Base */,
			);
			name = Main.storyboard;
			sourceTree = "<group>";
		};
		FA7ECCAF1E5A31F1000B75CF /* LaunchScreen.storyboard */ = {
			isa = PBXVariantGroup;
			children = (
				FA7ECCB01E5A31F1000B75CF /* Base */,
			);
			name = LaunchScreen.storyboard;
			sourceTree = "<group>";
		};
/* End PBXVariantGroup section */

/* Begin XCBuildConfiguration section */
		FA7ECCB31E5A31F1000B75CF /* Debug */ = {
			isa = XCBuildConfiguration;
			buildSettings = {
				ALWAYS_SEARCH_USER_PATHS = NO;
				CLANG_ANALYZER_NONNULL = YES;
				CLANG_CXX_LANGUAGE_STANDARD = "gnu++0x";
				CLANG_CXX_LIBRARY = "libc++";
				CLANG_ENABLE_MODULES = YES;
				CLANG_ENABLE_OBJC_ARC = YES;
				CLANG_WARN_BOOL_CONVERSION = YES;
				CLANG_WARN_CONSTANT_CONVERSION = YES;
				CLANG_WARN_DIRECT_OBJC_ISA_USAGE = YES_ERROR;
				CLANG_WARN_DOCUMENTATION_COMMENTS = YES;
				CLANG_WARN_EMPTY_BODY = YES;
				CLANG_WARN_ENUM_CONVERSION = YES;
				CLANG_WARN_INFINITE_RECURSION = YES;
				CLANG_WARN_INT_CONVERSION = YES;
				CLANG_WARN_OBJC_ROOT_CLASS = YES_ERROR;
				CLANG_WARN_SUSPICIOUS_MOVE = YES;
				CLANG_WARN_UNREACHABLE_CODE = YES;
				CLANG_WARN__DUPLICATE_METHOD_MATCH = YES;
				"CODE_SIGN_IDENTITY[sdk=iphoneos*]" = "iPhone Developer";
				COPY_PHASE_STRIP = NO;
				DEBUG_INFORMATION_FORMAT = dwarf;
				ENABLE_STRICT_OBJC_MSGSEND = YES;
				ENABLE_TESTABILITY = YES;
				GCC_C_LANGUAGE_STANDARD = gnu99;
				GCC_DYNAMIC_NO_PIC = NO;
				GCC_NO_COMMON_BLOCKS = YES;
				GCC_OPTIMIZATION_LEVEL = 0;
				GCC_PREPROCESSOR_DEFINITIONS = (
					"DEBUG=1",
					"$(inherited)",
				);
				GCC_WARN_64_TO_32_BIT_CONVERSION = YES;
				GCC_WARN_ABOUT_RETURN_TYPE = YES_ERROR;
				GCC_WARN_UNDECLARED_SELECTOR = YES;
				GCC_WARN_UNINITIALIZED_AUTOS = YES_AGGRESSIVE;
				GCC_WARN_UNUSED_FUNCTION = YES;
				GCC_WARN_UNUSED_VARIABLE = YES;
				IPHONEOS_DEPLOYMENT_TARGET = 10.2;
				MTL_ENABLE_DEBUG_INFO = YES;
				ONLY_ACTIVE_ARCH = YES;
				SDKROOT = iphoneos;
				SWIFT_ACTIVE_COMPILATION_CONDITIONS = DEBUG;
				SWIFT_OPTIMIZATION_LEVEL = "-Onone";
			};
			name = Debug;
		};
		FA7ECCB41E5A31F1000B75CF /* Release */ = {
			isa = XCBuildConfiguration;
			buildSettings = {
				ALWAYS_SEARCH_USER_PATHS = NO;
				CLANG_ANALYZER_NONNULL = YES;
				CLANG_CXX_LANGUAGE_STANDARD = "gnu++0x";
				CLANG_CXX_LIBRARY = "libc++";
				CLANG_ENABLE_MODULES = YES;
				CLANG_ENABLE_OBJC_ARC = YES;
				CLANG_WARN_BOOL_CONVERSION = YES;
				CLANG_WARN_CONSTANT_CONVERSION = YES;
				CLANG_WARN_DIRECT_OBJC_ISA_USAGE = YES_ERROR;
				CLANG_WARN_DOCUMENTATION_COMMENTS = YES;
				CLANG_WARN_EMPTY_BODY = YES;
				CLANG_WARN_ENUM_CONVERSION = YES;
				CLANG_WARN_INFINITE_RECURSION = YES;
				CLANG_WARN_INT_CONVERSION = YES;
				CLANG_WARN_OBJC_ROOT_CLASS = YES_ERROR;
				CLANG_WARN_SUSPICIOUS_MOVE = YES;
				CLANG_WARN_UNREACHABLE_CODE = YES;
				CLANG_WARN__DUPLICATE_METHOD_MATCH = YES;
				"CODE_SIGN_IDENTITY[sdk=iphoneos*]" = "iPhone Developer";
				COPY_PHASE_STRIP = NO;
				DEBUG_INFORMATION_FORMAT = "dwarf-with-dsym";
				ENABLE_NS_ASSERTIONS = NO;
				ENABLE_STRICT_OBJC_MSGSEND = YES;
				GCC_C_LANGUAGE_STANDARD = gnu99;
				GCC_NO_COMMON_BLOCKS = YES;
				GCC_WARN_64_TO_32_BIT_CONVERSION = YES;
				GCC_WARN_ABOUT_RETURN_TYPE = YES_ERROR;
				GCC_WARN_UNDECLARED_SELECTOR = YES;
				GCC_WARN_UNINITIALIZED_AUTOS = YES_AGGRESSIVE;
				GCC_WARN_UNUSED_FUNCTION = YES;
				GCC_WARN_UNUSED_VARIABLE = YES;
				IPHONEOS_DEPLOYMENT_TARGET = 10.2;
				MTL_ENABLE_DEBUG_INFO = NO;
				SDKROOT = iphoneos;
				SWIFT_OPTIMIZATION_LEVEL = "-Owholemodule";
				VALIDATE_PRODUCT = YES;
			};
			name = Release;
		};
		FA7ECCB61E5A31F1000B75CF /* Debug */ = {
			isa = XCBuildConfiguration;
			buildSettings = {
				ASSETCATALOG_COMPILER_APPICON_NAME = AppIcon;
				DEVELOPMENT_TEAM = GVEKQPDQMH;
				INFOPLIST_FILE = apiPrac/Info.plist;
				LD_RUNPATH_SEARCH_PATHS = "$(inherited) @executable_path/Frameworks";
				PRODUCT_BUNDLE_IDENTIFIER = alexvotry.com.alexvotry.apiPrac;
				PRODUCT_NAME = "$(TARGET_NAME)";
				SWIFT_VERSION = 3.0;
			};
			name = Debug;
		};
		FA7ECCB71E5A31F1000B75CF /* Release */ = {
			isa = XCBuildConfiguration;
			buildSettings = {
				ASSETCATALOG_COMPILER_APPICON_NAME = AppIcon;
				DEVELOPMENT_TEAM = GVEKQPDQMH;
				INFOPLIST_FILE = apiPrac/Info.plist;
				LD_RUNPATH_SEARCH_PATHS = "$(inherited) @executable_path/Frameworks";
				PRODUCT_BUNDLE_IDENTIFIER = alexvotry.com.alexvotry.apiPrac;
				PRODUCT_NAME = "$(TARGET_NAME)";
				SWIFT_VERSION = 3.0;
			};
			name = Release;
		};
/* End XCBuildConfiguration section */

/* Begin XCConfigurationList section */
		FA7ECC9B1E5A31F1000B75CF /* Build configuration list for PBXProject "apiPrac" */ = {
			isa = XCConfigurationList;
			buildConfigurations = (
				FA7ECCB31E5A31F1000B75CF /* Debug */,
				FA7ECCB41E5A31F1000B75CF /* Release */,
			);
			defaultConfigurationIsVisible = 0;
			defaultConfigurationName = Release;
		};
		FA7ECCB51E5A31F1000B75CF /* Build configuration list for PBXNativeTarget "apiPrac" */ = {
			isa = XCConfigurationList;
			buildConfigurations = (
				FA7ECCB61E5A31F1000B75CF /* Debug */,
				FA7ECCB71E5A31F1000B75CF /* Release */,
			);
			defaultConfigurationIsVisible = 0;
		};
/* End XCConfigurationList section */

/* Begin XCVersionGroup section */
		FA7ECCAA1E5A31F1000B75CF /* apiPrac.xcdatamodeld */ = {
			isa = XCVersionGroup;
			children = (
				FA7ECCAB1E5A31F1000B75CF /* apiPrac.xcdatamodel */,
			);
			currentVersion = FA7ECCAB1E5A31F1000B75CF /* apiPrac.xcdatamodel */;
			path = apiPrac.xcdatamodeld;
			sourceTree = "<group>";
			versionGroupType = wrapper.xcdatamodel;
		};
/* End XCVersionGroup section */
	};
	rootObject = FA7ECC981E5A31F1000B75CF /* Project object */;
}
